
Microsoft Visual Studio Solution File, Format Version 12.00
# Visual Studio Version 17
VisualStudioVersion = 17.5.002.0
MinimumVisualStudioVersion = 10.0.40219.1
Project("{9A19103F-16F7-4668-BE54-9A1E7A4F7556}") = "BookStore.Client", "BookStore.Client\BookStore.Client.csproj", "{2CA261DA-A733-47A7-BDF7-1258B241C0EE}"
EndProject
Global
	GlobalSection(SolutionConfigurationPlatforms) = preSolution
		Debug|Any CPU = Debug|Any CPU
		Release|Any CPU = Release|Any CPU
	EndGlobalSection
	GlobalSection(ProjectConfigurationPlatforms) = postSolution
		{2CA261DA-A733-47A7-BDF7-1258B241C0EE}.Debug|Any CPU.ActiveCfg = Debug|Any CPU
		{2CA261DA-A733-47A7-BDF7-1258B241C0EE}.Debug|Any CPU.Build.0 = Debug|Any CPU
		{2CA261DA-A733-47A7-BDF7-1258B241C0EE}.Release|Any CPU.ActiveCfg = Release|Any CPU
		{2CA261DA-A733-47A7-BDF7-1258B241C0EE}.Release|Any CPU.Build.0 = Release|Any CPU
	EndGlobalSection
	GlobalSection(SolutionProperties) = preSolution
		HideSolutionNode = FALSE
	EndGlobalSection
	GlobalSection(ExtensibilityGlobals) = postSolution
		SolutionGuid = {8EA8C584-6872-49C0-AD7B-8A6682C4BDE7}
	EndGlobalSection
EndGlobal
